PODS:
  - AgoraRtcEngine_iOS (2.8.0)
  - AgoraRtm_iOS (0.9.3)

DEPENDENCIES:
  - AgoraRtcEngine_iOS
  - AgoraRtm_iOS

SPEC REPOS:
  https://github.com/cocoapods/specs.git:
    - AgoraRtcEngine_iOS
    - AgoraRtm_iOS

SPEC CHECKSUMS:
  AgoraRtcEngine_iOS: 85810ba2f492646ab0eb20fbd8ca016b4b69002d
  AgoraRtm_iOS: b9aadea9dc12f9965dc3e4d4f75a790431bdcee9

PODFILE CHECKSUM: e6eabb9ece77a25719f7d6b2e8f25467c65bc765

COCOAPODS: 1.6.1
