// !$*UTF8*$!
{
	archiveVersion = 1;
	classes = {
	};
	objectVersion = 51;
	objects = {

/* Begin PBXBuildFile section */
		100A902A22E0506300E8A242 /* AppDelegate.swift in Sources */ = {isa = PBXBuildFile; fileRef = 100A902922E0506300E8A242 /* AppDelegate.swift */; };
		100A902C22E0506300E8A242 /* ViewController.swift in Sources */ = {isa = PBXBuildFile; fileRef = 100A902B22E0506300E8A242 /* ViewController.swift */; };
		100A902F22E0506300E8A242 /* Main.storyboard in Resources */ = {isa = PBXBuildFile; fileRef = 100A902D22E0506300E8A242 /* Main.storyboard */; };
		100A903122E0506600E8A242 /* Assets.xcassets in Resources */ = {isa = PBXBuildFile; fileRef = 100A903022E0506600E8A242 /* Assets.xcassets */; };
		100A903422E0506600E8A242 /* LaunchScreen.storyboard in Resources */ = {isa = PBXBuildFile; fileRef = 100A903222E0506600E8A242 /* LaunchScreen.storyboard */; };
		100A903E22E0568400E8A242 /* ReactiveHelper.swift in Sources */ = {isa = PBXBuildFile; fileRef = 100A903D22E0568400E8A242 /* ReactiveHelper.swift */; };
		100A904222E05B7800E8A242 /* AgoraRTMProxy.swift in Sources */ = {isa = PBXBuildFile; fileRef = 100A904122E05B7800E8A242 /* AgoraRTMProxy.swift */; };
		100A904522E05C0100E8A242 /* Agora.swift in Sources */ = {isa = PBXBuildFile; fileRef = 100A904422E05C0100E8A242 /* Agora.swift */; };
		100A904722E05CB100E8A242 /* LogUtil.swift in Sources */ = {isa = PBXBuildFile; fileRef = 100A904622E05CB100E8A242 /* LogUtil.swift */; };
		100A904922E075A400E8A242 /* AgoraRTCProxy.swift in Sources */ = {isa = PBXBuildFile; fileRef = 100A904822E075A400E8A242 /* AgoraRTCProxy.swift */; };
		100A904B22E19A2600E8A242 /* AgoraRTMChannelProxy.swift in Sources */ = {isa = PBXBuildFile; fileRef = 100A904A22E19A2600E8A242 /* AgoraRTMChannelProxy.swift */; };
		1041311A22E1B3A300E11D47 /* AgoraRTMCallProxy.swift in Sources */ = {isa = PBXBuildFile; fileRef = 1041311922E1B3A300E11D47 /* AgoraRTMCallProxy.swift */; };
		F94448D8B11A484AFACCF1CA /* Pods_ReactiveAgora.framework in Frameworks */ = {isa = PBXBuildFile; fileRef = 00760B8167878B969F7B4504 /* Pods_ReactiveAgora.framework */; };
/* End PBXBuildFile section */

/* Begin PBXFileReference section */
		00760B8167878B969F7B4504 /* Pods_ReactiveAgora.framework */ = {isa = PBXFileReference; explicitFileType = wrapper.framework; includeInIndex = 0; path = Pods_ReactiveAgora.framework; sourceTree = BUILT_PRODUCTS_DIR; };
		0449D81E704FD16D386C559C /* Pods-ReactiveAgora.release.xcconfig */ = {isa = PBXFileReference; includeInIndex = 1; lastKnownFileType = text.xcconfig; name = "Pods-ReactiveAgora.release.xcconfig"; path = "Target Support Files/Pods-ReactiveAgora/Pods-ReactiveAgora.release.xcconfig"; sourceTree = "<group>"; };
		100A902622E0506300E8A242 /* ReactiveAgora.app */ = {isa = PBXFileReference; explicitFileType = wrapper.application; includeInIndex = 0; path = ReactiveAgora.app; sourceTree = BUILT_PRODUCTS_DIR; };
		100A902922E0506300E8A242 /* AppDelegate.swift */ = {isa = PBXFileReference; lastKnownFileType = sourcecode.swift; path = AppDelegate.swift; sourceTree = "<group>"; };
		100A902B22E0506300E8A242 /* ViewController.swift */ = {isa = PBXFileReference; lastKnownFileType = sourcecode.swift; path = ViewController.swift; sourceTree = "<group>"; };
		100A902E22E0506300E8A242 /* Base */ = {isa = PBXFileReference; lastKnownFileType = file.storyboard; name = Base; path = Base.lproj/Main.storyboard; sourceTree = "<group>"; };
		100A903022E0506600E8A242 /* Assets.xcassets */ = {isa = PBXFileReference; lastKnownFileType = folder.assetcatalog; path = Assets.xcassets; sourceTree = "<group>"; };
		100A903322E0506600E8A242 /* Base */ = {isa = PBXFileReference; lastKnownFileType = file.storyboard; name = Base; path = Base.lproj/LaunchScreen.storyboard; sourceTree = "<group>"; };
		100A903522E0506600E8A242 /* Info.plist */ = {isa = PBXFileReference; lastKnownFileType = text.plist.xml; path = Info.plist; sourceTree = "<group>"; };
		100A903D22E0568400E8A242 /* ReactiveHelper.swift */ = {isa = PBXFileReference; lastKnownFileType = sourcecode.swift; path = ReactiveHelper.swift; sourceTree = "<group>"; };
		100A904122E05B7800E8A242 /* AgoraRTMProxy.swift */ = {isa = PBXFileReference; lastKnownFileType = sourcecode.swift; path = AgoraRTMProxy.swift; sourceTree = "<group>"; };
		100A904422E05C0100E8A242 /* Agora.swift */ = {isa = PBXFileReference; lastKnownFileType = sourcecode.swift; path = Agora.swift; sourceTree = "<group>"; };
		100A904622E05CB100E8A242 /* LogUtil.swift */ = {isa = PBXFileReference; lastKnownFileType = sourcecode.swift; path = LogUtil.swift; sourceTree = "<group>"; };
		100A904822E075A400E8A242 /* AgoraRTCProxy.swift */ = {isa = PBXFileReference; lastKnownFileType = sourcecode.swift; path = AgoraRTCProxy.swift; sourceTree = "<group>"; };
		100A904A22E19A2600E8A242 /* AgoraRTMChannelProxy.swift */ = {isa = PBXFileReference; lastKnownFileType = sourcecode.swift; path = AgoraRTMChannelProxy.swift; sourceTree = "<group>"; };
		1041311922E1B3A300E11D47 /* AgoraRTMCallProxy.swift */ = {isa = PBXFileReference; lastKnownFileType = sourcecode.swift; path = AgoraRTMCallProxy.swift; sourceTree = "<group>"; };
		A54E9D5AC9564E45BA1B27A4 /* Pods-ReactiveAgora.debug.xcconfig */ = {isa = PBXFileReference; includeInIndex = 1; lastKnownFileType = text.xcconfig; name = "Pods-ReactiveAgora.debug.xcconfig"; path = "Target Support Files/Pods-ReactiveAgora/Pods-ReactiveAgora.debug.xcconfig"; sourceTree = "<group>"; };
/* End PBXFileReference section */

/* Begin PBXFrameworksBuildPhase section */
		100A902322E0506300E8A242 /* Frameworks */ = {
			isa = PBXFrameworksBuildPhase;
			buildActionMask = 2147483647;
			files = (
				F94448D8B11A484AFACCF1CA /* Pods_ReactiveAgora.framework in Frameworks */,
			);
			runOnlyForDeploymentPostprocessing = 0;
		};
/* End PBXFrameworksBuildPhase section */

/* Begin PBXGroup section */
		100A901D22E0506300E8A242 = {
			isa = PBXGroup;
			children = (
				100A902822E0506300E8A242 /* ReactiveAgora */,
				100A902722E0506300E8A242 /* Products */,
				3A78B5012D4BDB7BD7BF8C96 /* Pods */,
				6F92C14F285DA89BA63106D4 /* Frameworks */,
			);
			sourceTree = "<group>";
		};
		100A902722E0506300E8A242 /* Products */ = {
			isa = PBXGroup;
			children = (
				100A902622E0506300E8A242 /* ReactiveAgora.app */,
			);
			name = Products;
			sourceTree = "<group>";
		};
		100A902822E0506300E8A242 /* ReactiveAgora */ = {
			isa = PBXGroup;
			children = (
				100A903B22E0543200E8A242 /* ReactiveAgora */,
				100A902922E0506300E8A242 /* AppDelegate.swift */,
				100A902B22E0506300E8A242 /* ViewController.swift */,
				100A902D22E0506300E8A242 /* Main.storyboard */,
				100A903022E0506600E8A242 /* Assets.xcassets */,
				100A903222E0506600E8A242 /* LaunchScreen.storyboard */,
				100A903522E0506600E8A242 /* Info.plist */,
			);
			path = ReactiveAgora;
			sourceTree = "<group>";
		};
		100A903B22E0543200E8A242 /* ReactiveAgora */ = {
			isa = PBXGroup;
			children = (
				100A904322E05BC500E8A242 /* Agora */,
				100A904022E05AF500E8A242 /* RTC */,
				100A903F22E05AF000E8A242 /* RTM */,
				100A903C22E0565D00E8A242 /* Util */,
			);
			name = ReactiveAgora;
			path = ../../Lib/ReactiveAgora;
			sourceTree = "<group>";
		};
		100A903C22E0565D00E8A242 /* Util */ = {
			isa = PBXGroup;
			children = (
				100A903D22E0568400E8A242 /* ReactiveHelper.swift */,
				100A904622E05CB100E8A242 /* LogUtil.swift */,
			);
			path = Util;
			sourceTree = "<group>";
		};
		100A903F22E05AF000E8A242 /* RTM */ = {
			isa = PBXGroup;
			children = (
				100A904122E05B7800E8A242 /* AgoraRTMProxy.swift */,
				100A904A22E19A2600E8A242 /* AgoraRTMChannelProxy.swift */,
				1041311922E1B3A300E11D47 /* AgoraRTMCallProxy.swift */,
			);
			path = RTM;
			sourceTree = "<group>";
		};
		100A904022E05AF500E8A242 /* RTC */ = {
			isa = PBXGroup;
			children = (
				100A904822E075A400E8A242 /* AgoraRTCProxy.swift */,
			);
			path = RTC;
			sourceTree = "<group>";
		};
		100A904322E05BC500E8A242 /* Agora */ = {
			isa = PBXGroup;
			children = (
				100A904422E05C0100E8A242 /* Agora.swift */,
			);
			path = Agora;
			sourceTree = "<group>";
		};
		3A78B5012D4BDB7BD7BF8C96 /* Pods */ = {
			isa = PBXGroup;
			children = (
				A54E9D5AC9564E45BA1B27A4 /* Pods-ReactiveAgora.debug.xcconfig */,
				0449D81E704FD16D386C559C /* Pods-ReactiveAgora.release.xcconfig */,
			);
			path = Pods;
			sourceTree = "<group>";
		};
		6F92C14F285DA89BA63106D4 /* Frameworks */ = {
			isa = PBXGroup;
			children = (
				00760B8167878B969F7B4504 /* Pods_ReactiveAgora.framework */,
			);
			name = Frameworks;
			sourceTree = "<group>";
		};
/* End PBXGroup section */

/* Begin PBXNativeTarget section */
		100A902522E0506300E8A242 /* ReactiveAgora */ = {
			isa = PBXNativeTarget;
			buildConfigurationList = 100A903822E0506600E8A242 /* Build configuration list for PBXNativeTarget "ReactiveAgora" */;
			buildPhases = (
				667D39C03487C471A3B1CCF6 /* [CP] Check Pods Manifest.lock */,
				100A902222E0506300E8A242 /* Sources */,
				100A902322E0506300E8A242 /* Frameworks */,
				100A902422E0506300E8A242 /* Resources */,
				50096C47E4EEC6C3B0CD247F /* [CP] Embed Pods Frameworks */,
			);
			buildRules = (
			);
			dependencies = (
			);
			name = ReactiveAgora;
			productName = ReactiveAgora;
			productReference = 100A902622E0506300E8A242 /* ReactiveAgora.app */;
			productType = "com.apple.product-type.application";
		};
/* End PBXNativeTarget section */

/* Begin PBXProject section */
		100A901E22E0506300E8A242 /* Project object */ = {
			isa = PBXProject;
			attributes = {
				LastSwiftUpdateCheck = 1020;
				LastUpgradeCheck = 1020;
				ORGANIZATIONNAME = LXZ;
				TargetAttributes = {
					100A902522E0506300E8A242 = {
						CreatedOnToolsVersion = 10.2.1;
					};
				};
			};
			buildConfigurationList = 100A902122E0506300E8A242 /* Build configuration list for PBXProject "ReactiveAgora" */;
			compatibilityVersion = "Xcode 9.3";
			developmentRegion = en;
			hasScannedForEncodings = 0;
			knownRegions = (
				en,
				Base,
			);
			mainGroup = 100A901D22E0506300E8A242;
			productRefGroup = 100A902722E0506300E8A242 /* Products */;
			projectDirPath = "";
			projectRoot = "";
			targets = (
				100A902522E0506300E8A242 /* ReactiveAgora */,
			);
		};
/* End PBXProject section */

/* Begin PBXResourcesBuildPhase section */
		100A902422E0506300E8A242 /* Resources */ = {
			isa = PBXResourcesBuildPhase;
			buildActionMask = 2147483647;
			files = (
				100A903422E0506600E8A242 /* LaunchScreen.storyboard in Resources */,
				100A903122E0506600E8A242 /* Assets.xcassets in Resources */,
				100A902F22E0506300E8A242 /* Main.storyboard in Resources */,
			);
			runOnlyForDeploymentPostprocessing = 0;
		};
/* End PBXResourcesBuildPhase section */

/* Begin PBXShellScriptBuildPhase section */
		50096C47E4EEC6C3B0CD247F /* [CP] Embed Pods Frameworks */ = {
			isa = PBXShellScriptBuildPhase;
			buildActionMask = 2147483647;
			files = (
			);
			inputFileListPaths = (
				"${PODS_ROOT}/Target Support Files/Pods-ReactiveAgora/Pods-ReactiveAgora-frameworks-${CONFIGURATION}-input-files.xcfilelist",
			);
			name = "[CP] Embed Pods Frameworks";
			outputFileListPaths = (
				"${PODS_ROOT}/Target Support Files/Pods-ReactiveAgora/Pods-ReactiveAgora-frameworks-${CONFIGURATION}-output-files.xcfilelist",
			);
			runOnlyForDeploymentPostprocessing = 0;
			shellPath = /bin/sh;
			shellScript = "\"${PODS_ROOT}/Target Support Files/Pods-ReactiveAgora/Pods-ReactiveAgora-frameworks.sh\"\n";
			showEnvVarsInLog = 0;
		};
		667D39C03487C471A3B1CCF6 /* [CP] Check Pods Manifest.lock */ = {
			isa = PBXShellScriptBuildPhase;
			buildActionMask = 2147483647;
			files = (
			);
			inputFileListPaths = (
			);
			inputPaths = (
				"${PODS_PODFILE_DIR_PATH}/Podfile.lock",
				"${PODS_ROOT}/Manifest.lock",
			);
			name = "[CP] Check Pods Manifest.lock";
			outputFileListPaths = (
			);
			outputPaths = (
				"$(DERIVED_FILE_DIR)/Pods-ReactiveAgora-checkManifestLockResult.txt",
			);
			runOnlyForDeploymentPostprocessing = 0;
			shellPath = /bin/sh;
			shellScript = "diff \"${PODS_PODFILE_DIR_PATH}/Podfile.lock\" \"${PODS_ROOT}/Manifest.lock\" > /dev/null\nif [ $? != 0 ] ; then\n    # print error to STDERR\n    echo \"error: The sandbox is not in sync with the Podfile.lock. Run 'pod install' or update your CocoaPods installation.\" >&2\n    exit 1\nfi\n# This output is used by Xcode 'outputs' to avoid re-running this script phase.\necho \"SUCCESS\" > \"${SCRIPT_OUTPUT_FILE_0}\"\n";
			showEnvVarsInLog = 0;
		};
/* End PBXShellScriptBuildPhase section */

/* Begin PBXSourcesBuildPhase section */
		100A902222E0506300E8A242 /* Sources */ = {
			isa = PBXSourcesBuildPhase;
			buildActionMask = 2147483647;
			files = (
				100A904522E05C0100E8A242 /* Agora.swift in Sources */,
				100A904922E075A400E8A242 /* AgoraRTCProxy.swift in Sources */,
				100A902C22E0506300E8A242 /* ViewController.swift in Sources */,
				100A904222E05B7800E8A242 /* AgoraRTMProxy.swift in Sources */,
				100A903E22E0568400E8A242 /* ReactiveHelper.swift in Sources */,
				1041311A22E1B3A300E11D47 /* AgoraRTMCallProxy.swift in Sources */,
				100A904B22E19A2600E8A242 /* AgoraRTMChannelProxy.swift in Sources */,
				100A904722E05CB100E8A242 /* LogUtil.swift in Sources */,
				100A902A22E0506300E8A242 /* AppDelegate.swift in Sources */,
			);
			runOnlyForDeploymentPostprocessing = 0;
		};
/* End PBXSourcesBuildPhase section */

/* Begin PBXVariantGroup section */
		100A902D22E0506300E8A242 /* Main.storyboard */ = {
			isa = PBXVariantGroup;
			children = (
				100A902E22E0506300E8A242 /* Base */,
			);
			name = Main.storyboard;
			sourceTree = "<group>";
		};
		100A903222E0506600E8A242 /* LaunchScreen.storyboard */ = {
			isa = PBXVariantGroup;
			children = (
				100A903322E0506600E8A242 /* Base */,
			);
			name = LaunchScreen.storyboard;
			sourceTree = "<group>";
		};
/* End PBXVariantGroup section */

/* Begin XCBuildConfiguration section */
		100A903622E0506600E8A242 /* Debug */ = {
			isa = XCBuildConfiguration;
			buildSettings = {
				ALWAYS_SEARCH_USER_PATHS = NO;
				CLANG_ANALYZER_NONNULL = YES;
				CLANG_ANALYZER_NUMBER_OBJECT_CONVERSION = YES_AGGRESSIVE;
				CLANG_CXX_LANGUAGE_STANDARD = "gnu++14";
				CLANG_CXX_LIBRARY = "libc++";
				CLANG_ENABLE_MODULES = YES;
				CLANG_ENABLE_OBJC_ARC = YES;
				CLANG_ENABLE_OBJC_WEAK = YES;
				CLANG_WARN_BLOCK_CAPTURE_AUTORELEASING = YES;
				CLANG_WARN_BOOL_CONVERSION = YES;
				CLANG_WARN_COMMA = YES;
				CLANG_WARN_CONSTANT_CONVERSION = YES;
				CLANG_WARN_DEPRECATED_OBJC_IMPLEMENTATIONS = YES;
				CLANG_WARN_DIRECT_OBJC_ISA_USAGE = YES_ERROR;
				CLANG_WARN_DOCUMENTATION_COMMENTS = YES;
				CLANG_WARN_EMPTY_BODY = YES;
				CLANG_WARN_ENUM_CONVERSION = YES;
				CLANG_WARN_INFINITE_RECURSION = YES;
				CLANG_WARN_INT_CONVERSION = YES;
				CLANG_WARN_NON_LITERAL_NULL_CONVERSION = YES;
				CLANG_WARN_OBJC_IMPLICIT_RETAIN_SELF = YES;
				CLANG_WARN_OBJC_LITERAL_CONVERSION = YES;
				CLANG_WARN_OBJC_ROOT_CLASS = YES_ERROR;
				CLANG_WARN_RANGE_LOOP_ANALYSIS = YES;
				CLANG_WARN_STRICT_PROTOTYPES = YES;
				CLANG_WARN_SUSPICIOUS_MOVE = YES;
				CLANG_WARN_UNGUARDED_AVAILABILITY = YES_AGGRESSIVE;
				CLANG_WARN_UNREACHABLE_CODE = YES;
				CLANG_WARN__DUPLICATE_METHOD_MATCH = YES;
				CODE_SIGN_IDENTITY = "iPhone Developer";
				COPY_PHASE_STRIP = NO;
				DEBUG_INFORMATION_FORMAT = dwarf;
				ENABLE_STRICT_OBJC_MSGSEND = YES;
				ENABLE_TESTABILITY = YES;
				GCC_C_LANGUAGE_STANDARD = gnu11;
				GCC_DYNAMIC_NO_PIC = NO;
				GCC_NO_COMMON_BLOCKS = YES;
				GCC_OPTIMIZATION_LEVEL = 0;
				GCC_PREPROCESSOR_DEFINITIONS = (
					"DEBUG=1",
					"$(inherited)",
				);
				GCC_WARN_64_TO_32_BIT_CONVERSION = YES;
				GCC_WARN_ABOUT_RETURN_TYPE = YES_ERROR;
				GCC_WARN_UNDECLARED_SELECTOR = YES;
				GCC_WARN_UNINITIALIZED_AUTOS = YES_AGGRESSIVE;
				GCC_WARN_UNUSED_FUNCTION = YES;
				GCC_WARN_UNUSED_VARIABLE = YES;
				IPHONEOS_DEPLOYMENT_TARGET = 12.2;
				MTL_ENABLE_DEBUG_INFO = INCLUDE_SOURCE;
				MTL_FAST_MATH = YES;
				ONLY_ACTIVE_ARCH = YES;
				SDKROOT = iphoneos;
				SWIFT_ACTIVE_COMPILATION_CONDITIONS = DEBUG;
				SWIFT_OPTIMIZATION_LEVEL = "-Onone";
			};
			name = Debug;
		};
		100A903722E0506600E8A242 /* Release */ = {
			isa = XCBuildConfiguration;
			buildSettings = {
				ALWAYS_SEARCH_USER_PATHS = NO;
				CLANG_ANALYZER_NONNULL = YES;
				CLANG_ANALYZER_NUMBER_OBJECT_CONVERSION = YES_AGGRESSIVE;
				CLANG_CXX_LANGUAGE_STANDARD = "gnu++14";
				CLANG_CXX_LIBRARY = "libc++";
				CLANG_ENABLE_MODULES = YES;
				CLANG_ENABLE_OBJC_ARC = YES;
				CLANG_ENABLE_OBJC_WEAK = YES;
				CLANG_WARN_BLOCK_CAPTURE_AUTORELEASING = YES;
				CLANG_WARN_BOOL_CONVERSION = YES;
				CLANG_WARN_COMMA = YES;
				CLANG_WARN_CONSTANT_CONVERSION = YES;
				CLANG_WARN_DEPRECATED_OBJC_IMPLEMENTATIONS = YES;
				CLANG_WARN_DIRECT_OBJC_ISA_USAGE = YES_ERROR;
				CLANG_WARN_DOCUMENTATION_COMMENTS = YES;
				CLANG_WARN_EMPTY_BODY = YES;
				CLANG_WARN_ENUM_CONVERSION = YES;
				CLANG_WARN_INFINITE_RECURSION = YES;
				CLANG_WARN_INT_CONVERSION = YES;
				CLANG_WARN_NON_LITERAL_NULL_CONVERSION = YES;
				CLANG_WARN_OBJC_IMPLICIT_RETAIN_SELF = YES;
				CLANG_WARN_OBJC_LITERAL_CONVERSION = YES;
				CLANG_WARN_OBJC_ROOT_CLASS = YES_ERROR;
				CLANG_WARN_RANGE_LOOP_ANALYSIS = YES;
				CLANG_WARN_STRICT_PROTOTYPES = YES;
				CLANG_WARN_SUSPICIOUS_MOVE = YES;
				CLANG_WARN_UNGUARDED_AVAILABILITY = YES_AGGRESSIVE;
				CLANG_WARN_UNREACHABLE_CODE = YES;
				CLANG_WARN__DUPLICATE_METHOD_MATCH = YES;
				CODE_SIGN_IDENTITY = "iPhone Developer";
				COPY_PHASE_STRIP = NO;
				DEBUG_INFORMATION_FORMAT = "dwarf-with-dsym";
				ENABLE_NS_ASSERTIONS = NO;
				ENABLE_STRICT_OBJC_MSGSEND = YES;
				GCC_C_LANGUAGE_STANDARD = gnu11;
				GCC_NO_COMMON_BLOCKS = YES;
				GCC_WARN_64_TO_32_BIT_CONVERSION = YES;
				GCC_WARN_ABOUT_RETURN_TYPE = YES_ERROR;
				GCC_WARN_UNDECLARED_SELECTOR = YES;
				GCC_WARN_UNINITIALIZED_AUTOS = YES_AGGRESSIVE;
				GCC_WARN_UNUSED_FUNCTION = YES;
				GCC_WARN_UNUSED_VARIABLE = YES;
				IPHONEOS_DEPLOYMENT_TARGET = 12.2;
				MTL_ENABLE_DEBUG_INFO = NO;
				MTL_FAST_MATH = YES;
				SDKROOT = iphoneos;
				SWIFT_COMPILATION_MODE = wholemodule;
				SWIFT_OPTIMIZATION_LEVEL = "-O";
				VALIDATE_PRODUCT = YES;
			};
			name = Release;
		};
		100A903922E0506600E8A242 /* Debug */ = {
			isa = XCBuildConfiguration;
			baseConfigurationReference = A54E9D5AC9564E45BA1B27A4 /* Pods-ReactiveAgora.debug.xcconfig */;
			buildSettings = {
				ASSETCATALOG_COMPILER_APPICON_NAME = AppIcon;
				CODE_SIGN_STYLE = Automatic;
				DEVELOPMENT_TEAM = GG8NZVPWNG;
				INFOPLIST_FILE = ReactiveAgora/Info.plist;
				IPHONEOS_DEPLOYMENT_TARGET = 10.0;
				LD_RUNPATH_SEARCH_PATHS = (
					"$(inherited)",
					"@executable_path/Frameworks",
				);
				PRODUCT_BUNDLE_IDENTIFIER = com.lxz.agora.ReactiveAgora;
				PRODUCT_NAME = "$(TARGET_NAME)";
				SWIFT_VERSION = 5.0;
				TARGETED_DEVICE_FAMILY = "1,2";
			};
			name = Debug;
		};
		100A903A22E0506600E8A242 /* Release */ = {
			isa = XCBuildConfiguration;
			baseConfigurationReference = 0449D81E704FD16D386C559C /* Pods-ReactiveAgora.release.xcconfig */;
			buildSettings = {
				ASSETCATALOG_COMPILER_APPICON_NAME = AppIcon;
				CODE_SIGN_STYLE = Automatic;
				DEVELOPMENT_TEAM = GG8NZVPWNG;
				INFOPLIST_FILE = ReactiveAgora/Info.plist;
				IPHONEOS_DEPLOYMENT_TARGET = 10.0;
				LD_RUNPATH_SEARCH_PATHS = (
					"$(inherited)",
					"@executable_path/Frameworks",
				);
				PRODUCT_BUNDLE_IDENTIFIER = com.lxz.agora.ReactiveAgora;
				PRODUCT_NAME = "$(TARGET_NAME)";
				SWIFT_VERSION = 5.0;
				TARGETED_DEVICE_FAMILY = "1,2";
			};
			name = Release;
		};
/* End XCBuildConfiguration section */

/* Begin XCConfigurationList section */
		100A902122E0506300E8A242 /* Build configuration list for PBXProject "ReactiveAgora" */ = {
			isa = XCConfigurationList;
			buildConfigurations = (
				100A903622E0506600E8A242 /* Debug */,
				100A903722E0506600E8A242 /* Release */,
			);
			defaultConfigurationIsVisible = 0;
			defaultConfigurationName = Release;
		};
		100A903822E0506600E8A242 /* Build configuration list for PBXNativeTarget "ReactiveAgora" */ = {
			isa = XCConfigurationList;
			buildConfigurations = (
				100A903922E0506600E8A242 /* Debug */,
				100A903A22E0506600E8A242 /* Release */,
			);
			defaultConfigurationIsVisible = 0;
			defaultConfigurationName = Release;
		};
/* End XCConfigurationList section */
	};
	rootObject = 100A901E22E0506300E8A242 /* Project object */;
}
